
Microsoft Visual Studio Solution File, Format Version 12.00
# Visual Studio Version 17
VisualStudioVersion = 17.7.34031.279
MinimumVisualStudioVersion = 10.0.40219.1
Project("{FAE04EC0-301F-11D3-BF4B-00C04F79EFBC}") = "helloWorld", "helloWorld\helloWorld.csproj", "{9420D334-A99A-4630-A142-675332A7C752}"
EndProject
Global
	GlobalSection(SolutionConfigurationPlatforms) = preSolution
		Debug|Any CPU = Debug|Any CPU
		Release|Any CPU = Release|Any CPU
	EndGlobalSection
	GlobalSection(ProjectConfigurationPlatforms) = postSolution
		{9420D334-A99A-4630-A142-675332A7C752}.Debug|Any CPU.ActiveCfg = Debug|Any CPU
		{9420D334-A99A-4630-A142-675332A7C752}.Debug|Any CPU.Build.0 = Debug|Any CPU
		{9420D334-A99A-4630-A142-675332A7C752}.Release|Any CPU.ActiveCfg = Release|Any CPU
		{9420D334-A99A-4630-A142-675332A7C752}.Release|Any CPU.Build.0 = Release|Any CPU
	EndGlobalSection
	GlobalSection(SolutionProperties) = preSolution
		HideSolutionNode = FALSE
	EndGlobalSection
	GlobalSection(ExtensibilityGlobals) = postSolution
		SolutionGuid = {E98545B1-4530-4BE1-BF66-6E257BF02D32}
	EndGlobalSection
EndGlobal
